
Microsoft Visual Studio Solution File, Format Version 12.00
# Visual Studio Version 17
VisualStudioVersion = 17.4.33205.214
MinimumVisualStudioVersion = 10.0.40219.1
Project("{FAE04EC0-301F-11D3-BF4B-00C04F79EFBC}") = "WebServer.Engine", "WebServer.Engine\WebServer.Engine.csproj", "{D6DF900C-9095-4C7E-95DE-29CE7BED6195}"
EndProject
Project("{FAE04EC0-301F-11D3-BF4B-00C04F79EFBC}") = "WebServer.Server", "WebServer.Server\WebServer.Server.csproj", "{8B62C420-30DE-4BA3-9002-568DF0DD3C48}"
EndProject
Global
	GlobalSection(SolutionConfigurationPlatforms) = preSolution
		Debug|Any CPU = Debug|Any CPU
		Release|Any CPU = Release|Any CPU
	EndGlobalSection
	GlobalSection(ProjectConfigurationPlatforms) = postSolution
		{D6DF900C-9095-4C7E-95DE-29CE7BED6195}.Debug|Any CPU.ActiveCfg = Debug|Any CPU
		{D6DF900C-9095-4C7E-95DE-29CE7BED6195}.Debug|Any CPU.Build.0 = Debug|Any CPU
		{D6DF900C-9095-4C7E-95DE-29CE7BED6195}.Release|Any CPU.ActiveCfg = Release|Any CPU
		{D6DF900C-9095-4C7E-95DE-29CE7BED6195}.Release|Any CPU.Build.0 = Release|Any CPU
		{8B62C420-30DE-4BA3-9002-568DF0DD3C48}.Debug|Any CPU.ActiveCfg = Debug|Any CPU
		{8B62C420-30DE-4BA3-9002-568DF0DD3C48}.Debug|Any CPU.Build.0 = Debug|Any CPU
		{8B62C420-30DE-4BA3-9002-568DF0DD3C48}.Release|Any CPU.ActiveCfg = Release|Any CPU
		{8B62C420-30DE-4BA3-9002-568DF0DD3C48}.Release|Any CPU.Build.0 = Release|Any CPU
	EndGlobalSection
	GlobalSection(SolutionProperties) = preSolution
		HideSolutionNode = FALSE
	EndGlobalSection
	GlobalSection(ExtensibilityGlobals) = postSolution
		SolutionGuid = {6A8CCD6C-FDA1-4B28-947E-76A981367F98}
	EndGlobalSection
EndGlobal
